Microsoft Visual Studio Solution File, Format Version 12.00
# Visual Studio Version 17
VisualStudioVersion = 17.5.2.0
MinimumVisualStudioVersion = 10.0.40219.1
Project("{FAE04EC0-301F-11D3-BF4B-00C04F79EFBC}") = "BlazorAISearch", "BlazorAISearch.csproj", "{777B385A-A2DF-E568-1C69-B19C130A2994}"
EndProject
Global
	GlobalSection(SolutionConfigurationPlatforms) = preSolution
		Debug|Any CPU = Debug|Any CPU
		Release|Any CPU = Release|Any CPU
	EndGlobalSection
	GlobalSection(ProjectConfigurationPlatforms) = postSolution
		{777B385A-A2DF-E568-1C69-B19C130A2994}.Debug|Any CPU.ActiveCfg = Debug|Any CPU
		{777B385A-A2DF-E568-1C69-B19C130A2994}.Debug|Any CPU.Build.0 = Debug|Any CPU
		{777B385A-A2DF-E568-1C69-B19C130A2994}.Release|Any CPU.ActiveCfg = Release|Any CPU
		{777B385A-A2DF-E568-1C69-B19C130A2994}.Release|Any CPU.Build.0 = Release|Any CPU
	EndGlobalSection
	GlobalSection(SolutionProperties) = preSolution
		HideSolutionNode = FALSE
	EndGlobalSection
	GlobalSection(ExtensibilityGlobals) = postSolution
		SolutionGuid = {5A5A8D7D-7B4C-4895-978F-8F997E59DF96}
	EndGlobalSection
EndGlobal
